
Microsoft Visual Studio Solution File, Format Version 12.00
# Visual Studio Version 17
VisualStudioVersion = 17.9.34616.47
MinimumVisualStudioVersion = 10.0.40219.1
Project("{FAE04EC0-301F-11D3-BF4B-00C04F79EFBC}") = "Models", "Models\Models.csproj", "{68BF52F9-771C-44AD-B71A-E3C537A217AD}"
EndProject
Project("{FAE04EC0-301F-11D3-BF4B-00C04F79EFBC}") = "DataAccess", "DataAccess\DataAccess.csproj", "{FD6F6CFC-3F06-4C74-A5B8-AD49F34C55BE}"
EndProject
Global
	GlobalSection(SolutionConfigurationPlatforms) = preSolution
		Debug|Any CPU = Debug|Any CPU
		Release|Any CPU = Release|Any CPU
	EndGlobalSection
	GlobalSection(ProjectConfigurationPlatforms) = postSolution
		{68BF52F9-771C-44AD-B71A-E3C537A217AD}.Debug|Any CPU.ActiveCfg = Debug|Any CPU
		{68BF52F9-771C-44AD-B71A-E3C537A217AD}.Debug|Any CPU.Build.0 = Debug|Any CPU
		{68BF52F9-771C-44AD-B71A-E3C537A217AD}.Release|Any CPU.ActiveCfg = Release|Any CPU
		{68BF52F9-771C-44AD-B71A-E3C537A217AD}.Release|Any CPU.Build.0 = Release|Any CPU
		{FD6F6CFC-3F06-4C74-A5B8-AD49F34C55BE}.Debug|Any CPU.ActiveCfg = Debug|Any CPU
		{FD6F6CFC-3F06-4C74-A5B8-AD49F34C55BE}.Debug|Any CPU.Build.0 = Debug|Any CPU
		{FD6F6CFC-3F06-4C74-A5B8-AD49F34C55BE}.Release|Any CPU.ActiveCfg = Release|Any CPU
		{FD6F6CFC-3F06-4C74-A5B8-AD49F34C55BE}.Release|Any CPU.Build.0 = Release|Any CPU
	EndGlobalSection
	GlobalSection(SolutionProperties) = preSolution
		HideSolutionNode = FALSE
	EndGlobalSection
	GlobalSection(ExtensibilityGlobals) = postSolution
		SolutionGuid = {8833803C-6E4D-4A63-8C50-75D71C189B15}
	EndGlobalSection
EndGlobal
